
Microsoft Visual Studio Solution File, Format Version 12.00
# Visual Studio 15
VisualStudioVersion = 15.0.28307.106
MinimumVisualStudioVersion = 10.0.40219.1
Project("{FAE04EC0-301F-11D3-BF4B-00C04F79EFBC}") = "ETests.Android", "ETests\ETests.Android\ETests.Android.csproj", "{5F1061A8-0D2C-4FFD-8580-CD15F003E585}"
EndProject
Project("{FAE04EC0-301F-11D3-BF4B-00C04F79EFBC}") = "ETests.iOS", "ETests\ETests.iOS\ETests.iOS.csproj", "{7EB63F24-1736-4513-99A2-E5BA6C209D06}"
EndProject
Project("{FAE04EC0-301F-11D3-BF4B-00C04F79EFBC}") = "ETests", "ETests\ETests\ETests.csproj", "{50AC37D3-1C8D-41D5-902A-78733C02FC7E}"
EndProject
Global
	GlobalSection(SolutionConfigurationPlatforms) = preSolution
		Ad-Hoc|Any CPU = Ad-Hoc|Any CPU
		Ad-Hoc|iPhone = Ad-Hoc|iPhone
		Ad-Hoc|iPhoneSimulator = Ad-Hoc|iPhoneSimulator
		AppStore|Any CPU = AppStore|Any CPU
		AppStore|iPhone = AppStore|iPhone
		AppStore|iPhoneSimulator = AppStore|iPhoneSimulator
		Debug|Any CPU = Debug|Any CPU
		Debug|iPhone = Debug|iPhone
		Debug|iPhoneSimulator = Debug|iPhoneSimulator
		Release|Any CPU = Release|Any CPU
		Release|iPhone = Release|iPhone
		Release|iPhoneSimulator = Release|iPhoneSimulator
	EndGlobalSection
	GlobalSection(ProjectConfigurationPlatforms) = postSolution
		{5F1061A8-0D2C-4FFD-8580-CD15F003E585}.Ad-Hoc|Any CPU.ActiveCfg = Release|Any CPU
		{5F1061A8-0D2C-4FFD-8580-CD15F003E585}.Ad-Hoc|Any CPU.Build.0 = Release|Any CPU
		{5F1061A8-0D2C-4FFD-8580-CD15F003E585}.Ad-Hoc|Any CPU.Deploy.0 = Release|Any CPU
		{5F1061A8-0D2C-4FFD-8580-CD15F003E585}.Ad-Hoc|iPhone.ActiveCfg = Release|Any CPU
		{5F1061A8-0D2C-4FFD-8580-CD15F003E585}.Ad-Hoc|iPhone.Build.0 = Release|Any CPU
		{5F1061A8-0D2C-4FFD-8580-CD15F003E585}.Ad-Hoc|iPhone.Deploy.0 = Release|Any CPU
		{5F1061A8-0D2C-4FFD-8580-CD15F003E585}.Ad-Hoc|iPhoneSimulator.ActiveCfg = Release|Any CPU
		{5F1061A8-0D2C-4FFD-8580-CD15F003E585}.Ad-Hoc|iPhoneSimulator.Build.0 = Release|Any CPU
		{5F1061A8-0D2C-4FFD-8580-CD15F003E585}.Ad-Hoc|iPhoneSimulator.Deploy.0 = Release|Any CPU
		{5F1061A8-0D2C-4FFD-8580-CD15F003E585}.AppStore|Any CPU.ActiveCfg = Release|Any CPU
		{5F1061A8-0D2C-4FFD-8580-CD15F003E585}.AppStore|Any CPU.Build.0 = Release|Any CPU
		{5F1061A8-0D2C-4FFD-8580-CD15F003E585}.AppStore|Any CPU.Deploy.0 = Release|Any CPU
		{5F1061A8-0D2C-4FFD-8580-CD15F003E585}.AppStore|iPhone.ActiveCfg = Release|Any CPU
		{5F1061A8-0D2C-4FFD-8580-CD15F003E585}.AppStore|iPhone.Build.0 = Release|Any CPU
		{5F1061A8-0D2C-4FFD-8580-CD15F003E585}.AppStore|iPhone.Deploy.0 = Release|Any CPU
		{5F1061A8-0D2C-4FFD-8580-CD15F003E585}.AppStore|iPhoneSimulator.ActiveCfg = Release|Any CPU
		{5F1061A8-0D2C-4FFD-8580-CD15F003E585}.AppStore|iPhoneSimulator.Build.0 = Release|Any CPU
		{5F1061A8-0D2C-4FFD-8580-CD15F003E585}.AppStore|iPhoneSimulator.Deploy.0 = Release|Any CPU
		{5F1061A8-0D2C-4FFD-8580-CD15F003E585}.Debug|Any CPU.ActiveCfg = Debug|Any CPU
		{5F1061A8-0D2C-4FFD-8580-CD15F003E585}.Debug|Any CPU.Build.0 = Debug|Any CPU
		{5F1061A8-0D2C-4FFD-8580-CD15F003E585}.Debug|Any CPU.Deploy.0 = Debug|Any CPU
		{5F1061A8-0D2C-4FFD-8580-CD15F003E585}.Debug|iPhone.ActiveCfg = Debug|Any CPU
		{5F1061A8-0D2C-4FFD-8580-CD15F003E585}.Debug|iPhone.Build.0 = Debug|Any CPU
		{5F1061A8-0D2C-4FFD-8580-CD15F003E585}.Debug|iPhone.Deploy.0 = Debug|Any CPU
		{5F1061A8-0D2C-4FFD-8580-CD15F003E585}.Debug|iPhoneSimulator.ActiveCfg = Debug|Any CPU
		{5F1061A8-0D2C-4FFD-8580-CD15F003E585}.Debug|iPhoneSimulator.Build.0 = Debug|Any CPU
		{5F1061A8-0D2C-4FFD-8580-CD15F003E585}.Debug|iPhoneSimulator.Deploy.0 = Debug|Any CPU
		{5F1061A8-0D2C-4FFD-8580-CD15F003E585}.Release|Any CPU.ActiveCfg = Release|Any CPU
		{5F1061A8-0D2C-4FFD-8580-CD15F003E585}.Release|Any CPU.Build.0 = Release|Any CPU
		{5F1061A8-0D2C-4FFD-8580-CD15F003E585}.Release|Any CPU.Deploy.0 = Release|Any CPU
		{5F1061A8-0D2C-4FFD-8580-CD15F003E585}.Release|iPhone.ActiveCfg = Release|Any CPU
		{5F1061A8-0D2C-4FFD-8580-CD15F003E585}.Release|iPhone.Build.0 = Release|Any CPU
		{5F1061A8-0D2C-4FFD-8580-CD15F003E585}.Release|iPhone.Deploy.0 = Release|Any CPU
		{5F1061A8-0D2C-4FFD-8580-CD15F003E585}.Release|iPhoneSimulator.ActiveCfg = Release|Any CPU
		{5F1061A8-0D2C-4FFD-8580-CD15F003E585}.Release|iPhoneSimulator.Build.0 = Release|Any CPU
		{5F1061A8-0D2C-4FFD-8580-CD15F003E585}.Release|iPhoneSimulator.Deploy.0 = Release|Any CPU
		{7EB63F24-1736-4513-99A2-E5BA6C209D06}.Ad-Hoc|Any CPU.ActiveCfg = Ad-Hoc|iPhone
		{7EB63F24-1736-4513-99A2-E5BA6C209D06}.Ad-Hoc|Any CPU.Build.0 = Ad-Hoc|iPhone
		{7EB63F24-1736-4513-99A2-E5BA6C209D06}.Ad-Hoc|Any CPU.Deploy.0 = Ad-Hoc|iPhone
		{7EB63F24-1736-4513-99A2-E5BA6C209D06}.Ad-Hoc|iPhone.ActiveCfg = Ad-Hoc|iPhone
		{7EB63F24-1736-4513-99A2-E5BA6C209D06}.Ad-Hoc|iPhone.Build.0 = Ad-Hoc|iPhone
		{7EB63F24-1736-4513-99A2-E5BA6C209D06}.Ad-Hoc|iPhone.Deploy.0 = Ad-Hoc|iPhone
		{7EB63F24-1736-4513-99A2-E5BA6C209D06}.Ad-Hoc|iPhoneSimulator.ActiveCfg = Ad-Hoc|iPhoneSimulator
		{7EB63F24-1736-4513-99A2-E5BA6C209D06}.Ad-Hoc|iPhoneSimulator.Build.0 = Ad-Hoc|iPhoneSimulator
		{7EB63F24-1736-4513-99A2-E5BA6C209D06}.Ad-Hoc|iPhoneSimulator.Deploy.0 = Ad-Hoc|iPhoneSimulator
		{7EB63F24-1736-4513-99A2-E5BA6C209D06}.AppStore|Any CPU.ActiveCfg = AppStore|iPhone
		{7EB63F24-1736-4513-99A2-E5BA6C209D06}.AppStore|Any CPU.Build.0 = AppStore|iPhone
		{7EB63F24-1736-4513-99A2-E5BA6C209D06}.AppStore|Any CPU.Deploy.0 = AppStore|iPhone
		{7EB63F24-1736-4513-99A2-E5BA6C209D06}.AppStore|iPhone.ActiveCfg = AppStore|iPhone
		{7EB63F24-1736-4513-99A2-E5BA6C209D06}.AppStore|iPhone.Build.0 = AppStore|iPhone
		{7EB63F24-1736-4513-99A2-E5BA6C209D06}.AppStore|iPhone.Deploy.0 = AppStore|iPhone
		{7EB63F24-1736-4513-99A2-E5BA6C209D06}.AppStore|iPhoneSimulator.ActiveCfg = AppStore|iPhoneSimulator
		{7EB63F24-1736-4513-99A2-E5BA6C209D06}.AppStore|iPhoneSimulator.Build.0 = AppStore|iPhoneSimulator
		{7EB63F24-1736-4513-99A2-E5BA6C209D06}.AppStore|iPhoneSimulator.Deploy.0 = AppStore|iPhoneSimulator
		{7EB63F24-1736-4513-99A2-E5BA6C209D06}.Debug|Any CPU.ActiveCfg = Debug|iPhoneSimulator
		{7EB63F24-1736-4513-99A2-E5BA6C209D06}.Debug|Any CPU.Build.0 = Debug|iPhoneSimulator
		{7EB63F24-1736-4513-99A2-E5BA6C209D06}.Debug|Any CPU.Deploy.0 = Debug|iPhoneSimulator
		{7EB63F24-1736-4513-99A2-E5BA6C209D06}.Debug|iPhone.ActiveCfg = Debug|iPhone
		{7EB63F24-1736-4513-99A2-E5BA6C209D06}.Debug|iPhone.Build.0 = Debug|iPhone
		{7EB63F24-1736-4513-99A2-E5BA6C209D06}.Debug|iPhone.Deploy.0 = Debug|iPhone
		{7EB63F24-1736-4513-99A2-E5BA6C209D06}.Debug|iPhoneSimulator.ActiveCfg = Debug|iPhoneSimulator
		{7EB63F24-1736-4513-99A2-E5BA6C209D06}.Debug|iPhoneSimulator.Build.0 = Debug|iPhoneSimulator
		{7EB63F24-1736-4513-99A2-E5BA6C209D06}.Debug|iPhoneSimulator.Deploy.0 = Debug|iPhoneSimulator
		{7EB63F24-1736-4513-99A2-E5BA6C209D06}.Release|Any CPU.ActiveCfg = Release|iPhone
		{7EB63F24-1736-4513-99A2-E5BA6C209D06}.Release|Any CPU.Build.0 = Release|iPhone
		{7EB63F24-1736-4513-99A2-E5BA6C209D06}.Release|Any CPU.Deploy.0 = Release|iPhone
		{7EB63F24-1736-4513-99A2-E5BA6C209D06}.Release|iPhone.ActiveCfg = Release|iPhone
		{7EB63F24-1736-4513-99A2-E5BA6C209D06}.Release|iPhone.Build.0 = Release|iPhone
		{7EB63F24-1736-4513-99A2-E5BA6C209D06}.Release|iPhone.Deploy.0 = Release|iPhone
		{7EB63F24-1736-4513-99A2-E5BA6C209D06}.Release|iPhoneSimulator.ActiveCfg = Release|iPhoneSimulator
		{7EB63F24-1736-4513-99A2-E5BA6C209D06}.Release|iPhoneSimulator.Build.0 = Release|iPhoneSimulator
		{7EB63F24-1736-4513-99A2-E5BA6C209D06}.Release|iPhoneSimulator.Deploy.0 = Release|iPhoneSimulator
		{50AC37D3-1C8D-41D5-902A-78733C02FC7E}.Ad-Hoc|Any CPU.ActiveCfg = Debug|Any CPU
		{50AC37D3-1C8D-41D5-902A-78733C02FC7E}.Ad-Hoc|Any CPU.Build.0 = Debug|Any CPU
		{50AC37D3-1C8D-41D5-902A-78733C02FC7E}.Ad-Hoc|Any CPU.Deploy.0 = Debug|Any CPU
		{50AC37D3-1C8D-41D5-902A-78733C02FC7E}.Ad-Hoc|iPhone.ActiveCfg = Debug|Any CPU
		{50AC37D3-1C8D-41D5-902A-78733C02FC7E}.Ad-Hoc|iPhone.Build.0 = Debug|Any CPU
		{50AC37D3-1C8D-41D5-902A-78733C02FC7E}.Ad-Hoc|iPhone.Deploy.0 = Debug|Any CPU
		{50AC37D3-1C8D-41D5-902A-78733C02FC7E}.Ad-Hoc|iPhoneSimulator.ActiveCfg = Debug|Any CPU
		{50AC37D3-1C8D-41D5-902A-78733C02FC7E}.Ad-Hoc|iPhoneSimulator.Build.0 = Debug|Any CPU
		{50AC37D3-1C8D-41D5-902A-78733C02FC7E}.Ad-Hoc|iPhoneSimulator.Deploy.0 = Debug|Any CPU
		{50AC37D3-1C8D-41D5-902A-78733C02FC7E}.AppStore|Any CPU.ActiveCfg = Debug|Any CPU
		{50AC37D3-1C8D-41D5-902A-78733C02FC7E}.AppStore|Any CPU.Build.0 = Debug|Any CPU
		{50AC37D3-1C8D-41D5-902A-78733C02FC7E}.AppStore|Any CPU.Deploy.0 = Debug|Any CPU
		{50AC37D3-1C8D-41D5-902A-78733C02FC7E}.AppStore|iPhone.ActiveCfg = Debug|Any CPU
		{50AC37D3-1C8D-41D5-902A-78733C02FC7E}.AppStore|iPhone.Build.0 = Debug|Any CPU
		{50AC37D3-1C8D-41D5-902A-78733C02FC7E}.AppStore|iPhone.Deploy.0 = Debug|Any CPU
		{50AC37D3-1C8D-41D5-902A-78733C02FC7E}.AppStore|iPhoneSimulator.ActiveCfg = Debug|Any CPU
		{50AC37D3-1C8D-41D5-902A-78733C02FC7E}.AppStore|iPhoneSimulator.Build.0 = Debug|Any CPU
		{50AC37D3-1C8D-41D5-902A-78733C02FC7E}.AppStore|iPhoneSimulator.Deploy.0 = Debug|Any CPU
		{50AC37D3-1C8D-41D5-902A-78733C02FC7E}.Debug|Any CPU.ActiveCfg = Debug|Any CPU
		{50AC37D3-1C8D-41D5-902A-78733C02FC7E}.Debug|Any CPU.Build.0 = Debug|Any CPU
		{50AC37D3-1C8D-41D5-902A-78733C02FC7E}.Debug|Any CPU.Deploy.0 = Debug|Any CPU
		{50AC37D3-1C8D-41D5-902A-78733C02FC7E}.Debug|iPhone.ActiveCfg = Debug|Any CPU
		{50AC37D3-1C8D-41D5-902A-78733C02FC7E}.Debug|iPhone.Build.0 = Debug|Any CPU
		{50AC37D3-1C8D-41D5-902A-78733C02FC7E}.Debug|iPhone.Deploy.0 = Debug|Any CPU
		{50AC37D3-1C8D-41D5-902A-78733C02FC7E}.Debug|iPhoneSimulator.ActiveCfg = Debug|Any CPU
		{50AC37D3-1C8D-41D5-902A-78733C02FC7E}.Debug|iPhoneSimulator.Build.0 = Debug|Any CPU
		{50AC37D3-1C8D-41D5-902A-78733C02FC7E}.Debug|iPhoneSimulator.Deploy.0 = Debug|Any CPU
		{50AC37D3-1C8D-41D5-902A-78733C02FC7E}.Release|Any CPU.ActiveCfg = Release|Any CPU
		{50AC37D3-1C8D-41D5-902A-78733C02FC7E}.Release|Any CPU.Build.0 = Release|Any CPU
		{50AC37D3-1C8D-41D5-902A-78733C02FC7E}.Release|Any CPU.Deploy.0 = Release|Any CPU
		{50AC37D3-1C8D-41D5-902A-78733C02FC7E}.Release|iPhone.ActiveCfg = Release|Any CPU
		{50AC37D3-1C8D-41D5-902A-78733C02FC7E}.Release|iPhone.Build.0 = Release|Any CPU
		{50AC37D3-1C8D-41D5-902A-78733C02FC7E}.Release|iPhone.Deploy.0 = Release|Any CPU
		{50AC37D3-1C8D-41D5-902A-78733C02FC7E}.Release|iPhoneSimulator.ActiveCfg = Release|Any CPU
		{50AC37D3-1C8D-41D5-902A-78733C02FC7E}.Release|iPhoneSimulator.Build.0 = Release|Any CPU
		{50AC37D3-1C8D-41D5-902A-78733C02FC7E}.Release|iPhoneSimulator.Deploy.0 = Release|Any CPU
	EndGlobalSection
	GlobalSection(SolutionProperties) = preSolution
		HideSolutionNode = FALSE
	EndGlobalSection
	GlobalSection(ExtensibilityGlobals) = postSolution
		SolutionGuid = {1B7FF97E-1371-4CA0-AC03-58C8F76540F6}
	EndGlobalSection
EndGlobal
